PODS:
  - ChameleonFramework/Default (2.1.0)
  - ChameleonFramework/Swift (2.1.0):
    - ChameleonFramework/Default
  - FLAnimatedImage (1.0.12)
  - GoogleMaps (1.10.5)
  - NYTPhotoViewer (1.1.0):
    - NYTPhotoViewer/AnimatedGifSupport (= 1.1.0)
    - NYTPhotoViewer/Core (= 1.1.0)
  - NYTPhotoViewer/AnimatedGifSupport (1.1.0):
    - FLAnimatedImage (~> 1.0.8)
    - NYTPhotoViewer/Core
  - NYTPhotoViewer/Core (1.1.0)
  - SDWebImage (3.7.5):
    - SDWebImage/Core (= 3.7.5)
  - SDWebImage/Core (3.7.5)
  - SwiftyJSON (2.3.2)
  - TLYShyNavBar (1.0.0)

DEPENDENCIES:
  - ChameleonFramework/Swift
  - GoogleMaps
  - NYTPhotoViewer
  - SDWebImage
  - SwiftyJSON
  - TLYShyNavBar

SPEC CHECKSUMS:
  ChameleonFramework: d21a3cc247abfe5e37609a283a8238b03575cf64
  FLAnimatedImage: 4a0b56255d9b05f18b6dd7ee06871be5d3b89e31
  GoogleMaps: da51c62c338c2d9c47cdad470a0d1e0e4b8544e4
  NYTPhotoViewer: e80e8767f3780d2df37c6f72cbab15d6c7232911
  SDWebImage: 69c6303e3348fba97e03f65d65d4fbc26740f461
  SwiftyJSON: 04ccea08915aa0109039157c7974cf0298da292a
  TLYShyNavBar: d313a1c50c58cb7af744829120eaa33ca8a998ce

COCOAPODS: 0.39.0
