PODS:
  - ChameleonFramework/Default (2.1.0)
  - ChameleonFramework/Swift (2.1.0):
    - ChameleonFramework/Default
  - GoogleMaps (1.10.5)
  - SDWebImage (3.7.5):
    - SDWebImage/Core (= 3.7.5)
  - SDWebImage/Core (3.7.5)
  - SwiftyJSON (2.3.2)
  - TLYShyNavBar (1.0.0)

DEPENDENCIES:
  - ChameleonFramework/Swift
  - GoogleMaps
  - SDWebImage
  - SwiftyJSON
  - TLYShyNavBar

SPEC CHECKSUMS:
  ChameleonFramework: d21a3cc247abfe5e37609a283a8238b03575cf64
  GoogleMaps: da51c62c338c2d9c47cdad470a0d1e0e4b8544e4
  SDWebImage: 69c6303e3348fba97e03f65d65d4fbc26740f461
  SwiftyJSON: 04ccea08915aa0109039157c7974cf0298da292a
  TLYShyNavBar: d313a1c50c58cb7af744829120eaa33ca8a998ce

COCOAPODS: 0.39.0
