PODS:
  - AMScrollingNavbar (2.0.10)
  - ChameleonFramework/Default (2.1.0)
  - ChameleonFramework/Swift (2.1.0):
    - ChameleonFramework/Default
  - GoogleMaps (1.10.5)
  - SDWebImage (3.7.5):
    - SDWebImage/Core (= 3.7.5)
  - SDWebImage/Core (3.7.5)
  - SwiftyJSON (2.3.2)

DEPENDENCIES:
  - AMScrollingNavbar
  - ChameleonFramework/Swift
  - GoogleMaps
  - SDWebImage
  - SwiftyJSON

SPEC CHECKSUMS:
  AMScrollingNavbar: 7fa266bd11edaf53e3af19eeb867437663a5d53e
  ChameleonFramework: d21a3cc247abfe5e37609a283a8238b03575cf64
  GoogleMaps: da51c62c338c2d9c47cdad470a0d1e0e4b8544e4
  SDWebImage: 69c6303e3348fba97e03f65d65d4fbc26740f461
  SwiftyJSON: 04ccea08915aa0109039157c7974cf0298da292a

COCOAPODS: 0.39.0
