// !$*UTF8*$!
{
	archiveVersion = 1;
	classes = {
	};
	objectVersion = 46;
	objects = {

/* Begin PBXBuildFile section */
		81166D381BD2BCA8007E0CAB /* Launch Screen.xib in Resources */ = {isa = PBXBuildFile; fileRef = 81166D371BD2BCA8007E0CAB /* Launch Screen.xib */; };
		81166D3A1BD2C872007E0CAB /* CoreLocation.framework in Frameworks */ = {isa = PBXBuildFile; fileRef = 81166D391BD2C872007E0CAB /* CoreLocation.framework */; };
		81516BCF1BD2971C00C66DEB /* RootMapViewController.swift in Sources */ = {isa = PBXBuildFile; fileRef = 81516BCE1BD2971C00C66DEB /* RootMapViewController.swift */; };
		9304B6BA1BD3558300A47488 /* RootMapView.swift in Sources */ = {isa = PBXBuildFile; fileRef = 9304B6B91BD3558300A47488 /* RootMapView.swift */; };
		93B91F6B1BD20DCF00D2CA7C /* AppDelegate.swift in Sources */ = {isa = PBXBuildFile; fileRef = 93B91F6A1BD20DCF00D2CA7C /* AppDelegate.swift */; };
		93B91F721BD20DCF00D2CA7C /* Assets.xcassets in Resources */ = {isa = PBXBuildFile; fileRef = 93B91F711BD20DCF00D2CA7C /* Assets.xcassets */; };
		ACB147ABF55B8BC5B9A826D0 /* libPods-SherpaNewYork.a in Frameworks */ = {isa = PBXBuildFile; fileRef = 6A532589E36271002D014457 /* libPods-SherpaNewYork.a */; };
/* End PBXBuildFile section */

/* Begin PBXFileReference section */
		0B2AF95994A3609CB183E35D /* Pods-SherpaNewYork.release.xcconfig */ = {isa = PBXFileReference; includeInIndex = 1; lastKnownFileType = text.xcconfig; name = "Pods-SherpaNewYork.release.xcconfig"; path = "Pods/Target Support Files/Pods-SherpaNewYork/Pods-SherpaNewYork.release.xcconfig"; sourceTree = "<group>"; };
		4F3782D1DEED568D3E5695CB /* Pods-SherpaNewYork.debug.xcconfig */ = {isa = PBXFileReference; includeInIndex = 1; lastKnownFileType = text.xcconfig; name = "Pods-SherpaNewYork.debug.xcconfig"; path = "Pods/Target Support Files/Pods-SherpaNewYork/Pods-SherpaNewYork.debug.xcconfig"; sourceTree = "<group>"; };
		6A532589E36271002D014457 /* libPods-SherpaNewYork.a */ = {isa = PBXFileReference; explicitFileType = archive.ar; includeInIndex = 0; path = "libPods-SherpaNewYork.a"; sourceTree = BUILT_PRODUCTS_DIR; };
		81166D371BD2BCA8007E0CAB /* Launch Screen.xib */ = {isa = PBXFileReference; fileEncoding = 4; lastKnownFileType = file.xib; path = "Launch Screen.xib"; sourceTree = "<group>"; };
		81166D391BD2C872007E0CAB /* CoreLocation.framework */ = {isa = PBXFileReference; lastKnownFileType = wrapper.framework; name = CoreLocation.framework; path = System/Library/Frameworks/CoreLocation.framework; sourceTree = SDKROOT; };
		81516BCE1BD2971C00C66DEB /* RootMapViewController.swift */ = {isa = PBXFileReference; fileEncoding = 4; lastKnownFileType = sourcecode.swift; path = RootMapViewController.swift; sourceTree = "<group>"; };
		81516BD01BD29C1000C66DEB /* SherpaNewYork-Bridging-Header.h */ = {isa = PBXFileReference; lastKnownFileType = sourcecode.c.h; path = "SherpaNewYork-Bridging-Header.h"; sourceTree = "<group>"; };
		9304B6B91BD3558300A47488 /* RootMapView.swift */ = {isa = PBXFileReference; fileEncoding = 4; lastKnownFileType = sourcecode.swift; path = RootMapView.swift; sourceTree = "<group>"; };
		93B91F671BD20DCF00D2CA7C /* SherpaNewYork.app */ = {isa = PBXFileReference; explicitFileType = wrapper.application; includeInIndex = 0; path = SherpaNewYork.app; sourceTree = BUILT_PRODUCTS_DIR; };
		93B91F6A1BD20DCF00D2CA7C /* AppDelegate.swift */ = {isa = PBXFileReference; lastKnownFileType = sourcecode.swift; path = AppDelegate.swift; sourceTree = "<group>"; };
		93B91F711BD20DCF00D2CA7C /* Assets.xcassets */ = {isa = PBXFileReference; lastKnownFileType = folder.assetcatalog; path = Assets.xcassets; sourceTree = "<group>"; };
		93B91F761BD20DCF00D2CA7C /* Info.plist */ = {isa = PBXFileReference; lastKnownFileType = text.plist.xml; path = Info.plist; sourceTree = "<group>"; };
/* End PBXFileReference section */

/* Begin PBXFrameworksBuildPhase section */
		93B91F641BD20DCF00D2CA7C /* Frameworks */ = {
			isa = PBXFrameworksBuildPhase;
			buildActionMask = 2147483647;
			files = (
				81166D3A1BD2C872007E0CAB /* CoreLocation.framework in Frameworks */,
				ACB147ABF55B8BC5B9A826D0 /* libPods-SherpaNewYork.a in Frameworks */,
			);
			runOnlyForDeploymentPostprocessing = 0;
		};
/* End PBXFrameworksBuildPhase section */

/* Begin PBXGroup section */
		2442A1DF696DBB62E7F0FF28 /* Pods */ = {
			isa = PBXGroup;
			children = (
				4F3782D1DEED568D3E5695CB /* Pods-SherpaNewYork.debug.xcconfig */,
				0B2AF95994A3609CB183E35D /* Pods-SherpaNewYork.release.xcconfig */,
			);
			name = Pods;
			sourceTree = "<group>";
		};
		9304B6B71BD3555C00A47488 /* ViewControllers */ = {
			isa = PBXGroup;
			children = (
				81516BCE1BD2971C00C66DEB /* RootMapViewController.swift */,
			);
			path = ViewControllers;
			sourceTree = "<group>";
		};
		9304B6B81BD3556200A47488 /* Views */ = {
			isa = PBXGroup;
			children = (
				9304B6B91BD3558300A47488 /* RootMapView.swift */,
			);
			path = Views;
			sourceTree = "<group>";
		};
		93B91F5E1BD20DCF00D2CA7C = {
			isa = PBXGroup;
			children = (
				93B91F691BD20DCF00D2CA7C /* SherpaNewYork */,
				93B91F681BD20DCF00D2CA7C /* Products */,
				2442A1DF696DBB62E7F0FF28 /* Pods */,
				B5C47B64711D4FB54A650227 /* Frameworks */,
			);
			sourceTree = "<group>";
		};
		93B91F681BD20DCF00D2CA7C /* Products */ = {
			isa = PBXGroup;
			children = (
				93B91F671BD20DCF00D2CA7C /* SherpaNewYork.app */,
			);
			name = Products;
			sourceTree = "<group>";
		};
		93B91F691BD20DCF00D2CA7C /* SherpaNewYork */ = {
			isa = PBXGroup;
			children = (
				93B91F7C1BD20F3500D2CA7C /* App */,
				93B91F711BD20DCF00D2CA7C /* Assets.xcassets */,
				81166D371BD2BCA8007E0CAB /* Launch Screen.xib */,
				93B91F761BD20DCF00D2CA7C /* Info.plist */,
				81516BD01BD29C1000C66DEB /* SherpaNewYork-Bridging-Header.h */,
			);
			path = SherpaNewYork;
			sourceTree = "<group>";
		};
		93B91F7C1BD20F3500D2CA7C /* App */ = {
			isa = PBXGroup;
			children = (
				9304B6B81BD3556200A47488 /* Views */,
				9304B6B71BD3555C00A47488 /* ViewControllers */,
				93B91F6A1BD20DCF00D2CA7C /* AppDelegate.swift */,
			);
			path = App;
			sourceTree = "<group>";
		};
		B5C47B64711D4FB54A650227 /* Frameworks */ = {
			isa = PBXGroup;
			children = (
				81166D391BD2C872007E0CAB /* CoreLocation.framework */,
				6A532589E36271002D014457 /* libPods-SherpaNewYork.a */,
			);
			name = Frameworks;
			sourceTree = "<group>";
		};
/* End PBXGroup section */

/* Begin PBXNativeTarget section */
		93B91F661BD20DCF00D2CA7C /* SherpaNewYork */ = {
			isa = PBXNativeTarget;
			buildConfigurationList = 93B91F791BD20DCF00D2CA7C /* Build configuration list for PBXNativeTarget "SherpaNewYork" */;
			buildPhases = (
				AB59485DC9D7A572ABF36189 /* Check Pods Manifest.lock */,
				93B91F631BD20DCF00D2CA7C /* Sources */,
				93B91F641BD20DCF00D2CA7C /* Frameworks */,
				93B91F651BD20DCF00D2CA7C /* Resources */,
				236A72427170590AD23B6581 /* Copy Pods Resources */,
				A556260ACCFE3151EF314911 /* Embed Pods Frameworks */,
			);
			buildRules = (
			);
			dependencies = (
			);
			name = SherpaNewYork;
			productName = SherpaNewYork;
			productReference = 93B91F671BD20DCF00D2CA7C /* SherpaNewYork.app */;
			productType = "com.apple.product-type.application";
		};
/* End PBXNativeTarget section */

/* Begin PBXProject section */
		93B91F5F1BD20DCF00D2CA7C /* Project object */ = {
			isa = PBXProject;
			attributes = {
				LastUpgradeCheck = 0700;
				ORGANIZATIONNAME = "Aaron Vasquez";
				TargetAttributes = {
					93B91F661BD20DCF00D2CA7C = {
						CreatedOnToolsVersion = 7.0.1;
					};
				};
			};
			buildConfigurationList = 93B91F621BD20DCF00D2CA7C /* Build configuration list for PBXProject "SherpaNewYork" */;
			compatibilityVersion = "Xcode 3.2";
			developmentRegion = English;
			hasScannedForEncodings = 0;
			knownRegions = (
				en,
				Base,
			);
			mainGroup = 93B91F5E1BD20DCF00D2CA7C;
			productRefGroup = 93B91F681BD20DCF00D2CA7C /* Products */;
			projectDirPath = "";
			projectRoot = "";
			targets = (
				93B91F661BD20DCF00D2CA7C /* SherpaNewYork */,
			);
		};
/* End PBXProject section */

/* Begin PBXResourcesBuildPhase section */
		93B91F651BD20DCF00D2CA7C /* Resources */ = {
			isa = PBXResourcesBuildPhase;
			buildActionMask = 2147483647;
			files = (
				93B91F721BD20DCF00D2CA7C /* Assets.xcassets in Resources */,
				81166D381BD2BCA8007E0CAB /* Launch Screen.xib in Resources */,
			);
			runOnlyForDeploymentPostprocessing = 0;
		};
/* End PBXResourcesBuildPhase section */

/* Begin PBXShellScriptBuildPhase section */
		236A72427170590AD23B6581 /* Copy Pods Resources */ = {
			isa = PBXShellScriptBuildPhase;
			buildActionMask = 2147483647;
			files = (
			);
			inputPaths = (
			);
			name = "Copy Pods Resources";
			outputPaths = (
			);
			runOnlyForDeploymentPostprocessing = 0;
			shellPath = /bin/sh;
			shellScript = "\"${SRCROOT}/Pods/Target Support Files/Pods-SherpaNewYork/Pods-SherpaNewYork-resources.sh\"\n";
			showEnvVarsInLog = 0;
		};
		A556260ACCFE3151EF314911 /* Embed Pods Frameworks */ = {
			isa = PBXShellScriptBuildPhase;
			buildActionMask = 2147483647;
			files = (
			);
			inputPaths = (
			);
			name = "Embed Pods Frameworks";
			outputPaths = (
			);
			runOnlyForDeploymentPostprocessing = 0;
			shellPath = /bin/sh;
			shellScript = "\"${SRCROOT}/Pods/Target Support Files/Pods-SherpaNewYork/Pods-SherpaNewYork-frameworks.sh\"\n";
			showEnvVarsInLog = 0;
		};
		AB59485DC9D7A572ABF36189 /* Check Pods Manifest.lock */ = {
			isa = PBXShellScriptBuildPhase;
			buildActionMask = 2147483647;
			files = (
			);
			inputPaths = (
			);
			name = "Check Pods Manifest.lock";
			outputPaths = (
			);
			runOnlyForDeploymentPostprocessing = 0;
			shellPath = /bin/sh;
			shellScript = "diff \"${PODS_ROOT}/../Podfile.lock\" \"${PODS_ROOT}/Manifest.lock\" > /dev/null\nif [[ $? != 0 ]] ; then\n    cat << EOM\nerror: The sandbox is not in sync with the Podfile.lock. Run 'pod install' or update your CocoaPods installation.\nEOM\n    exit 1\nfi\n";
			showEnvVarsInLog = 0;
		};
/* End PBXShellScriptBuildPhase section */

/* Begin PBXSourcesBuildPhase section */
		93B91F631BD20DCF00D2CA7C /* Sources */ = {
			isa = PBXSourcesBuildPhase;
			buildActionMask = 2147483647;
			files = (
				93B91F6B1BD20DCF00D2CA7C /* AppDelegate.swift in Sources */,
				9304B6BA1BD3558300A47488 /* RootMapView.swift in Sources */,
				81516BCF1BD2971C00C66DEB /* RootMapViewController.swift in Sources */,
			);
			runOnlyForDeploymentPostprocessing = 0;
		};
/* End PBXSourcesBuildPhase section */

/* Begin XCBuildConfiguration section */
		93B91F771BD20DCF00D2CA7C /* Debug */ = {
			isa = XCBuildConfiguration;
			buildSettings = {
				ALWAYS_SEARCH_USER_PATHS = NO;
				CLANG_CXX_LANGUAGE_STANDARD = "gnu++0x";
				CLANG_CXX_LIBRARY = "libc++";
				CLANG_ENABLE_MODULES = YES;
				CLANG_ENABLE_OBJC_ARC = YES;
				CLANG_WARN_BOOL_CONVERSION = YES;
				CLANG_WARN_CONSTANT_CONVERSION = YES;
				CLANG_WARN_DIRECT_OBJC_ISA_USAGE = YES_ERROR;
				CLANG_WARN_EMPTY_BODY = YES;
				CLANG_WARN_ENUM_CONVERSION = YES;
				CLANG_WARN_INT_CONVERSION = YES;
				CLANG_WARN_OBJC_ROOT_CLASS = YES_ERROR;
				CLANG_WARN_UNREACHABLE_CODE = YES;
				CLANG_WARN__DUPLICATE_METHOD_MATCH = YES;
				"CODE_SIGN_IDENTITY[sdk=iphoneos*]" = "iPhone Developer";
				COPY_PHASE_STRIP = NO;
				DEBUG_INFORMATION_FORMAT = dwarf;
				ENABLE_STRICT_OBJC_MSGSEND = YES;
				ENABLE_TESTABILITY = YES;
				GCC_C_LANGUAGE_STANDARD = gnu99;
				GCC_DYNAMIC_NO_PIC = NO;
				GCC_NO_COMMON_BLOCKS = YES;
				GCC_OPTIMIZATION_LEVEL = 0;
				GCC_PREPROCESSOR_DEFINITIONS = (
					"DEBUG=1",
					"$(inherited)",
				);
				GCC_WARN_64_TO_32_BIT_CONVERSION = YES;
				GCC_WARN_ABOUT_RETURN_TYPE = YES_ERROR;
				GCC_WARN_UNDECLARED_SELECTOR = YES;
				GCC_WARN_UNINITIALIZED_AUTOS = YES_AGGRESSIVE;
				GCC_WARN_UNUSED_FUNCTION = YES;
				GCC_WARN_UNUSED_VARIABLE = YES;
				IPHONEOS_DEPLOYMENT_TARGET = 9.0;
				MTL_ENABLE_DEBUG_INFO = YES;
				ONLY_ACTIVE_ARCH = YES;
				SDKROOT = iphoneos;
				SWIFT_OPTIMIZATION_LEVEL = "-Onone";
			};
			name = Debug;
		};
		93B91F781BD20DCF00D2CA7C /* Release */ = {
			isa = XCBuildConfiguration;
			buildSettings = {
				ALWAYS_SEARCH_USER_PATHS = NO;
				CLANG_CXX_LANGUAGE_STANDARD = "gnu++0x";
				CLANG_CXX_LIBRARY = "libc++";
				CLANG_ENABLE_MODULES = YES;
				CLANG_ENABLE_OBJC_ARC = YES;
				CLANG_WARN_BOOL_CONVERSION = YES;
				CLANG_WARN_CONSTANT_CONVERSION = YES;
				CLANG_WARN_DIRECT_OBJC_ISA_USAGE = YES_ERROR;
				CLANG_WARN_EMPTY_BODY = YES;
				CLANG_WARN_ENUM_CONVERSION = YES;
				CLANG_WARN_INT_CONVERSION = YES;
				CLANG_WARN_OBJC_ROOT_CLASS = YES_ERROR;
				CLANG_WARN_UNREACHABLE_CODE = YES;
				CLANG_WARN__DUPLICATE_METHOD_MATCH = YES;
				"CODE_SIGN_IDENTITY[sdk=iphoneos*]" = "iPhone Developer";
				COPY_PHASE_STRIP = NO;
				DEBUG_INFORMATION_FORMAT = "dwarf-with-dsym";
				ENABLE_NS_ASSERTIONS = NO;
				ENABLE_STRICT_OBJC_MSGSEND = YES;
				GCC_C_LANGUAGE_STANDARD = gnu99;
				GCC_NO_COMMON_BLOCKS = YES;
				GCC_WARN_64_TO_32_BIT_CONVERSION = YES;
				GCC_WARN_ABOUT_RETURN_TYPE = YES_ERROR;
				GCC_WARN_UNDECLARED_SELECTOR = YES;
				GCC_WARN_UNINITIALIZED_AUTOS = YES_AGGRESSIVE;
				GCC_WARN_UNUSED_FUNCTION = YES;
				GCC_WARN_UNUSED_VARIABLE = YES;
				IPHONEOS_DEPLOYMENT_TARGET = 9.0;
				MTL_ENABLE_DEBUG_INFO = NO;
				SDKROOT = iphoneos;
				VALIDATE_PRODUCT = YES;
			};
			name = Release;
		};
		93B91F7A1BD20DCF00D2CA7C /* Debug */ = {
			isa = XCBuildConfiguration;
			baseConfigurationReference = 4F3782D1DEED568D3E5695CB /* Pods-SherpaNewYork.debug.xcconfig */;
			buildSettings = {
				ASSETCATALOG_COMPILER_APPICON_NAME = AppIcon;
				CLANG_ENABLE_MODULES = YES;
				INFOPLIST_FILE = SherpaNewYork/Info.plist;
				IPHONEOS_DEPLOYMENT_TARGET = 8.0;
				LD_RUNPATH_SEARCH_PATHS = "$(inherited) @executable_path/Frameworks";
				PRODUCT_BUNDLE_IDENTIFIER = com.Sherpa.SherpaNewYork;
				PRODUCT_NAME = "$(TARGET_NAME)";
				SWIFT_OBJC_BRIDGING_HEADER = "SherpaNewYork/SherpaNewYork-Bridging-Header.h";
				SWIFT_OPTIMIZATION_LEVEL = "-Onone";
			};
			name = Debug;
		};
		93B91F7B1BD20DCF00D2CA7C /* Release */ = {
			isa = XCBuildConfiguration;
			baseConfigurationReference = 0B2AF95994A3609CB183E35D /* Pods-SherpaNewYork.release.xcconfig */;
			buildSettings = {
				ASSETCATALOG_COMPILER_APPICON_NAME = AppIcon;
				CLANG_ENABLE_MODULES = YES;
				INFOPLIST_FILE = SherpaNewYork/Info.plist;
				IPHONEOS_DEPLOYMENT_TARGET = 8.0;
				LD_RUNPATH_SEARCH_PATHS = "$(inherited) @executable_path/Frameworks";
				PRODUCT_BUNDLE_IDENTIFIER = com.Sherpa.SherpaNewYork;
				PRODUCT_NAME = "$(TARGET_NAME)";
				SWIFT_OBJC_BRIDGING_HEADER = "SherpaNewYork/SherpaNewYork-Bridging-Header.h";
			};
			name = Release;
		};
/* End XCBuildConfiguration section */

/* Begin XCConfigurationList section */
		93B91F621BD20DCF00D2CA7C /* Build configuration list for PBXProject "SherpaNewYork" */ = {
			isa = XCConfigurationList;
			buildConfigurations = (
				93B91F771BD20DCF00D2CA7C /* Debug */,
				93B91F781BD20DCF00D2CA7C /* Release */,
			);
			defaultConfigurationIsVisible = 0;
			defaultConfigurationName = Release;
		};
		93B91F791BD20DCF00D2CA7C /* Build configuration list for PBXNativeTarget "SherpaNewYork" */ = {
			isa = XCConfigurationList;
			buildConfigurations = (
				93B91F7A1BD20DCF00D2CA7C /* Debug */,
				93B91F7B1BD20DCF00D2CA7C /* Release */,
			);
			defaultConfigurationIsVisible = 0;
			defaultConfigurationName = Release;
		};
/* End XCConfigurationList section */
	};
	rootObject = 93B91F5F1BD20DCF00D2CA7C /* Project object */;
}
